// !$*UTF8*$!
{
	archiveVersion = 1;
	classes = {
	};
	objectVersion = 50;
	objects = {

/* Begin PBXBuildFile section */
		499509D1233DD9AB007B4E67 /* AppDelegate.swift in Sources */ = {isa = PBXBuildFile; fileRef = 499509D0233DD9AB007B4E67 /* AppDelegate.swift */; };
		499509D3233DD9AB007B4E67 /* SceneDelegate.swift in Sources */ = {isa = PBXBuildFile; fileRef = 499509D2233DD9AB007B4E67 /* SceneDelegate.swift */; };
		499509D5233DD9AB007B4E67 /* ContentView.swift in Sources */ = {isa = PBXBuildFile; fileRef = 499509D4233DD9AB007B4E67 /* ContentView.swift */; };
		499509D7233DD9AD007B4E67 /* Assets.xcassets in Resources */ = {isa = PBXBuildFile; fileRef = 499509D6233DD9AD007B4E67 /* Assets.xcassets */; };
		499509DA233DD9AD007B4E67 /* Preview Assets.xcassets in Resources */ = {isa = PBXBuildFile; fileRef = 499509D9233DD9AD007B4E67 /* Preview Assets.xcassets */; };
		499509DD233DD9AD007B4E67 /* LaunchScreen.storyboard in Resources */ = {isa = PBXBuildFile; fileRef = 499509DB233DD9AD007B4E67 /* LaunchScreen.storyboard */; };
		499509E8233DD9AD007B4E67 /* ios13exp1Tests.swift in Sources */ = {isa = PBXBuildFile; fileRef = 499509E7233DD9AD007B4E67 /* ios13exp1Tests.swift */; };
		499509F3233DD9AD007B4E67 /* ios13exp1UITests.swift in Sources */ = {isa = PBXBuildFile; fileRef = 499509F2233DD9AD007B4E67 /* ios13exp1UITests.swift */; };
/* End PBXBuildFile section */

/* Begin PBXContainerItemProxy section */
		499509E4233DD9AD007B4E67 /* PBXContainerItemProxy */ = {
			isa = PBXContainerItemProxy;
			containerPortal = 499509C5233DD9AB007B4E67 /* Project object */;
			proxyType = 1;
			remoteGlobalIDString = 499509CC233DD9AB007B4E67;
			remoteInfo = ios13exp1;
		};
		499509EF233DD9AD007B4E67 /* PBXContainerItemProxy */ = {
			isa = PBXContainerItemProxy;
			containerPortal = 499509C5233DD9AB007B4E67 /* Project object */;
			proxyType = 1;
			remoteGlobalIDString = 499509CC233DD9AB007B4E67;
			remoteInfo = ios13exp1;
		};
/* End PBXContainerItemProxy section */

/* Begin PBXFileReference section */
		499509CD233DD9AB007B4E67 /* ios13exp1.app */ = {isa = PBXFileReference; explicitFileType = wrapper.application; includeInIndex = 0; path = ios13exp1.app; sourceTree = BUILT_PRODUCTS_DIR; };
		499509D0233DD9AB007B4E67 /* AppDelegate.swift */ = {isa = PBXFileReference; lastKnownFileType = sourcecode.swift; path = AppDelegate.swift; sourceTree = "<group>"; };
		499509D2233DD9AB007B4E67 /* SceneDelegate.swift */ = {isa = PBXFileReference; lastKnownFileType = sourcecode.swift; path = SceneDelegate.swift; sourceTree = "<group>"; };
		499509D4233DD9AB007B4E67 /* ContentView.swift */ = {isa = PBXFileReference; lastKnownFileType = sourcecode.swift; path = ContentView.swift; sourceTree = "<group>"; };
		499509D6233DD9AD007B4E67 /* Assets.xcassets */ = {isa = PBXFileReference; lastKnownFileType = folder.assetcatalog; path = Assets.xcassets; sourceTree = "<group>"; };
		499509D9233DD9AD007B4E67 /* Preview Assets.xcassets */ = {isa = PBXFileReference; lastKnownFileType = folder.assetcatalog; path = "Preview Assets.xcassets"; sourceTree = "<group>"; };
		499509DC233DD9AD007B4E67 /* Base */ = {isa = PBXFileReference; lastKnownFileType = file.storyboard; name = Base; path = Base.lproj/LaunchScreen.storyboard; sourceTree = "<group>"; };
		499509DE233DD9AD007B4E67 /* Info.plist */ = {isa = PBXFileReference; lastKnownFileType = text.plist.xml; path = Info.plist; sourceTree = "<group>"; };
		499509E3233DD9AD007B4E67 /* ios13exp1Tests.xctest */ = {isa = PBXFileReference; explicitFileType = wrapper.cfbundle; includeInIndex = 0; path = ios13exp1Tests.xctest; sourceTree = BUILT_PRODUCTS_DIR; };
		499509E7233DD9AD007B4E67 /* ios13exp1Tests.swift */ = {isa = PBXFileReference; lastKnownFileType = sourcecode.swift; path = ios13exp1Tests.swift; sourceTree = "<group>"; };
		499509E9233DD9AD007B4E67 /* Info.plist */ = {isa = PBXFileReference; lastKnownFileType = text.plist.xml; path = Info.plist; sourceTree = "<group>"; };
		499509EE233DD9AD007B4E67 /* ios13exp1UITests.xctest */ = {isa = PBXFileReference; explicitFileType = wrapper.cfbundle; includeInIndex = 0; path = ios13exp1UITests.xctest; sourceTree = BUILT_PRODUCTS_DIR; };
		499509F2233DD9AD007B4E67 /* ios13exp1UITests.swift */ = {isa = PBXFileReference; lastKnownFileType = sourcecode.swift; path = ios13exp1UITests.swift; sourceTree = "<group>"; };
		499509F4233DD9AD007B4E67 /* Info.plist */ = {isa = PBXFileReference; lastKnownFileType = text.plist.xml; path = Info.plist; sourceTree = "<group>"; };
/* End PBXFileReference section */

/* Begin PBXFrameworksBuildPhase section */
		499509CA233DD9AB007B4E67 /* Frameworks */ = {
			isa = PBXFrameworksBuildPhase;
			buildActionMask = 2147483647;
			files = (
			);
			runOnlyForDeploymentPostprocessing = 0;
		};
		499509E0233DD9AD007B4E67 /* Frameworks */ = {
			isa = PBXFrameworksBuildPhase;
			buildActionMask = 2147483647;
			files = (
			);
			runOnlyForDeploymentPostprocessing = 0;
		};
		499509EB233DD9AD007B4E67 /* Frameworks */ = {
			isa = PBXFrameworksBuildPhase;
			buildActionMask = 2147483647;
			files = (
			);
			runOnlyForDeploymentPostprocessing = 0;
		};
/* End PBXFrameworksBuildPhase section */

/* Begin PBXGroup section */
		499509C4233DD9AB007B4E67 = {
			isa = PBXGroup;
			children = (
				499509CF233DD9AB007B4E67 /* ios13exp1 */,
				499509E6233DD9AD007B4E67 /* ios13exp1Tests */,
				499509F1233DD9AD007B4E67 /* ios13exp1UITests */,
				499509CE233DD9AB007B4E67 /* Products */,
			);
			sourceTree = "<group>";
		};
		499509CE233DD9AB007B4E67 /* Products */ = {
			isa = PBXGroup;
			children = (
				499509CD233DD9AB007B4E67 /* ios13exp1.app */,
				499509E3233DD9AD007B4E67 /* ios13exp1Tests.xctest */,
				499509EE233DD9AD007B4E67 /* ios13exp1UITests.xctest */,
			);
			name = Products;
			sourceTree = "<group>";
		};
		499509CF233DD9AB007B4E67 /* ios13exp1 */ = {
			isa = PBXGroup;
			children = (
				499509D0233DD9AB007B4E67 /* AppDelegate.swift */,
				499509D2233DD9AB007B4E67 /* SceneDelegate.swift */,
				499509D4233DD9AB007B4E67 /* ContentView.swift */,
				499509D6233DD9AD007B4E67 /* Assets.xcassets */,
				499509DB233DD9AD007B4E67 /* LaunchScreen.storyboard */,
				499509DE233DD9AD007B4E67 /* Info.plist */,
				499509D8233DD9AD007B4E67 /* Preview Content */,
			);
			path = ios13exp1;
			sourceTree = "<group>";
		};
		499509D8233DD9AD007B4E67 /* Preview Content */ = {
			isa = PBXGroup;
			children = (
				499509D9233DD9AD007B4E67 /* Preview Assets.xcassets */,
			);
			path = "Preview Content";
			sourceTree = "<group>";
		};
		499509E6233DD9AD007B4E67 /* ios13exp1Tests */ = {
			isa = PBXGroup;
			children = (
				499509E7233DD9AD007B4E67 /* ios13exp1Tests.swift */,
				499509E9233DD9AD007B4E67 /* Info.plist */,
			);
			path = ios13exp1Tests;
			sourceTree = "<group>";
		};
		499509F1233DD9AD007B4E67 /* ios13exp1UITests */ = {
			isa = PBXGroup;
			children = (
				499509F2233DD9AD007B4E67 /* ios13exp1UITests.swift */,
				499509F4233DD9AD007B4E67 /* Info.plist */,
			);
			path = ios13exp1UITests;
			sourceTree = "<group>";
		};
/* End PBXGroup section */

/* Begin PBXNativeTarget section */
		499509CC233DD9AB007B4E67 /* ios13exp1 */ = {
			isa = PBXNativeTarget;
			buildConfigurationList = 499509F7233DD9AD007B4E67 /* Build configuration list for PBXNativeTarget "ios13exp1" */;
			buildPhases = (
				499509C9233DD9AB007B4E67 /* Sources */,
				499509CA233DD9AB007B4E67 /* Frameworks */,
				499509CB233DD9AB007B4E67 /* Resources */,
			);
			buildRules = (
			);
			dependencies = (
			);
			name = ios13exp1;
			productName = ios13exp1;
			productReference = 499509CD233DD9AB007B4E67 /* ios13exp1.app */;
			productType = "com.apple.product-type.application";
		};
		499509E2233DD9AD007B4E67 /* ios13exp1Tests */ = {
			isa = PBXNativeTarget;
			buildConfigurationList = 499509FA233DD9AD007B4E67 /* Build configuration list for PBXNativeTarget "ios13exp1Tests" */;
			buildPhases = (
				499509DF233DD9AD007B4E67 /* Sources */,
				499509E0233DD9AD007B4E67 /* Frameworks */,
				499509E1233DD9AD007B4E67 /* Resources */,
			);
			buildRules = (
			);
			dependencies = (
				499509E5233DD9AD007B4E67 /* PBXTargetDependency */,
			);
			name = ios13exp1Tests;
			productName = ios13exp1Tests;
			productReference = 499509E3233DD9AD007B4E67 /* ios13exp1Tests.xctest */;
			productType = "com.apple.product-type.bundle.unit-test";
		};
		499509ED233DD9AD007B4E67 /* ios13exp1UITests */ = {
			isa = PBXNativeTarget;
			buildConfigurationList = 499509FD233DD9AD007B4E67 /* Build configuration list for PBXNativeTarget "ios13exp1UITests" */;
			buildPhases = (
				499509EA233DD9AD007B4E67 /* Sources */,
				499509EB233DD9AD007B4E67 /* Frameworks */,
				499509EC233DD9AD007B4E67 /* Resources */,
			);
			buildRules = (
			);
			dependencies = (
				499509F0233DD9AD007B4E67 /* PBXTargetDependency */,
			);
			name = ios13exp1UITests;
			productName = ios13exp1UITests;
			productReference = 499509EE233DD9AD007B4E67 /* ios13exp1UITests.xctest */;
			productType = "com.apple.product-type.bundle.ui-testing";
		};
/* End PBXNativeTarget section */

/* Begin PBXProject section */
		499509C5233DD9AB007B4E67 /* Project object */ = {
			isa = PBXProject;
			attributes = {
				LastSwiftUpdateCheck = 1100;
				LastUpgradeCheck = 1100;
				ORGANIZATIONNAME = "Marc Enschede";
				TargetAttributes = {
					499509CC233DD9AB007B4E67 = {
						CreatedOnToolsVersion = 11.0;
					};
					499509E2233DD9AD007B4E67 = {
						CreatedOnToolsVersion = 11.0;
						TestTargetID = 499509CC233DD9AB007B4E67;
					};
					499509ED233DD9AD007B4E67 = {
						CreatedOnToolsVersion = 11.0;
						TestTargetID = 499509CC233DD9AB007B4E67;
					};
				};
			};
			buildConfigurationList = 499509C8233DD9AB007B4E67 /* Build configuration list for PBXProject "ios13exp1" */;
			compatibilityVersion = "Xcode 9.3";
			developmentRegion = en;
			hasScannedForEncodings = 0;
			knownRegions = (
				en,
				Base,
			);
			mainGroup = 499509C4233DD9AB007B4E67;
			productRefGroup = 499509CE233DD9AB007B4E67 /* Products */;
			projectDirPath = "";
			projectRoot = "";
			targets = (
				499509CC233DD9AB007B4E67 /* ios13exp1 */,
				499509E2233DD9AD007B4E67 /* ios13exp1Tests */,
				499509ED233DD9AD007B4E67 /* ios13exp1UITests */,
			);
		};
/* End PBXProject section */

/* Begin PBXResourcesBuildPhase section */
		499509CB233DD9AB007B4E67 /* Resources */ = {
			isa = PBXResourcesBuildPhase;
			buildActionMask = 2147483647;
			files = (
				499509DD233DD9AD007B4E67 /* LaunchScreen.storyboard in Resources */,
				499509DA233DD9AD007B4E67 /* Preview Assets.xcassets in Resources */,
				499509D7233DD9AD007B4E67 /* Assets.xcassets in Resources */,
			);
			runOnlyForDeploymentPostprocessing = 0;
		};
		499509E1233DD9AD007B4E67 /* Resources */ = {
			isa = PBXResourcesBuildPhase;
			buildActionMask = 2147483647;
			files = (
			);
			runOnlyForDeploymentPostprocessing = 0;
		};
		499509EC233DD9AD007B4E67 /* Resources */ = {
			isa = PBXResourcesBuildPhase;
			buildActionMask = 2147483647;
			files = (
			);
			runOnlyForDeploymentPostprocessing = 0;
		};
/* End PBXResourcesBuildPhase section */

/* Begin PBXSourcesBuildPhase section */
		499509C9233DD9AB007B4E67 /* Sources */ = {
			isa = PBXSourcesBuildPhase;
			buildActionMask = 2147483647;
			files = (
				499509D1233DD9AB007B4E67 /* AppDelegate.swift in Sources */,
				499509D3233DD9AB007B4E67 /* SceneDelegate.swift in Sources */,
				499509D5233DD9AB007B4E67 /* ContentView.swift in Sources */,
			);
			runOnlyForDeploymentPostprocessing = 0;
		};
		499509DF233DD9AD007B4E67 /* Sources */ = {
			isa = PBXSourcesBuildPhase;
			buildActionMask = 2147483647;
			files = (
				499509E8233DD9AD007B4E67 /* ios13exp1Tests.swift in Sources */,
			);
			runOnlyForDeploymentPostprocessing = 0;
		};
		499509EA233DD9AD007B4E67 /* Sources */ = {
			isa = PBXSourcesBuildPhase;
			buildActionMask = 2147483647;
			files = (
				499509F3233DD9AD007B4E67 /* ios13exp1UITests.swift in Sources */,
			);
			runOnlyForDeploymentPostprocessing = 0;
		};
/* End PBXSourcesBuildPhase section */

/* Begin PBXTargetDependency section */
		499509E5233DD9AD007B4E67 /* PBXTargetDependency */ = {
			isa = PBXTargetDependency;
			target = 499509CC233DD9AB007B4E67 /* ios13exp1 */;
			targetProxy = 499509E4233DD9AD007B4E67 /* PBXContainerItemProxy */;
		};
		499509F0233DD9AD007B4E67 /* PBXTargetDependency */ = {
			isa = PBXTargetDependency;
			target = 499509CC233DD9AB007B4E67 /* ios13exp1 */;
			targetProxy = 499509EF233DD9AD007B4E67 /* PBXContainerItemProxy */;
		};
/* End PBXTargetDependency section */

/* Begin PBXVariantGroup section */
		499509DB233DD9AD007B4E67 /* LaunchScreen.storyboard */ = {
			isa = PBXVariantGroup;
			children = (
				499509DC233DD9AD007B4E67 /* Base */,
			);
			name = LaunchScreen.storyboard;
			sourceTree = "<group>";
		};
/* End PBXVariantGroup section */

/* Begin XCBuildConfiguration section */
		499509F5233DD9AD007B4E67 /* Debug */ = {
			isa = XCBuildConfiguration;
			buildSettings = {
				ALWAYS_SEARCH_USER_PATHS = NO;
				CLANG_ANALYZER_NONNULL = YES;
				CLANG_ANALYZER_NUMBER_OBJECT_CONVERSION = YES_AGGRESSIVE;
				CLANG_CXX_LANGUAGE_STANDARD = "gnu++14";
				CLANG_CXX_LIBRARY = "libc++";
				CLANG_ENABLE_MODULES = YES;
				CLANG_ENABLE_OBJC_ARC = YES;
				CLANG_ENABLE_OBJC_WEAK = YES;
				CLANG_WARN_BLOCK_CAPTURE_AUTORELEASING = YES;
				CLANG_WARN_BOOL_CONVERSION = YES;
				CLANG_WARN_COMMA = YES;
				CLANG_WARN_CONSTANT_CONVERSION = YES;
				CLANG_WARN_DEPRECATED_OBJC_IMPLEMENTATIONS = YES;
				CLANG_WARN_DIRECT_OBJC_ISA_USAGE = YES_ERROR;
				CLANG_WARN_DOCUMENTATION_COMMENTS = YES;
				CLANG_WARN_EMPTY_BODY = YES;
				CLANG_WARN_ENUM_CONVERSION = YES;
				CLANG_WARN_INFINITE_RECURSION = YES;
				CLANG_WARN_INT_CONVERSION = YES;
				CLANG_WARN_NON_LITERAL_NULL_CONVERSION = YES;
				CLANG_WARN_OBJC_IMPLICIT_RETAIN_SELF = YES;
				CLANG_WARN_OBJC_LITERAL_CONVERSION = YES;
				CLANG_WARN_OBJC_ROOT_CLASS = YES_ERROR;
				CLANG_WARN_RANGE_LOOP_ANALYSIS = YES;
				CLANG_WARN_STRICT_PROTOTYPES = YES;
				CLANG_WARN_SUSPICIOUS_MOVE = YES;
				CLANG_WARN_UNGUARDED_AVAILABILITY = YES_AGGRESSIVE;
				CLANG_WARN_UNREACHABLE_CODE = YES;
				CLANG_WARN__DUPLICATE_METHOD_MATCH = YES;
				COPY_PHASE_STRIP = NO;
				DEBUG_INFORMATION_FORMAT = dwarf;
				ENABLE_STRICT_OBJC_MSGSEND = YES;
				ENABLE_TESTABILITY = YES;
				GCC_C_LANGUAGE_STANDARD = gnu11;
				GCC_DYNAMIC_NO_PIC = NO;
				GCC_NO_COMMON_BLOCKS = YES;
				GCC_OPTIMIZATION_LEVEL = 0;
				GCC_PREPROCESSOR_DEFINITIONS = (
					"DEBUG=1",
					"$(inherited)",
				);
				GCC_WARN_64_TO_32_BIT_CONVERSION = YES;
				GCC_WARN_ABOUT_RETURN_TYPE = YES_ERROR;
				GCC_WARN_UNDECLARED_SELECTOR = YES;
				GCC_WARN_UNINITIALIZED_AUTOS = YES_AGGRESSIVE;
				GCC_WARN_UNUSED_FUNCTION = YES;
				GCC_WARN_UNUSED_VARIABLE = YES;
				IPHONEOS_DEPLOYMENT_TARGET = 13.0;
				MTL_ENABLE_DEBUG_INFO = INCLUDE_SOURCE;
				MTL_FAST_MATH = YES;
				ONLY_ACTIVE_ARCH = YES;
				SDKROOT = iphoneos;
				SWIFT_ACTIVE_COMPILATION_CONDITIONS = DEBUG;
				SWIFT_OPTIMIZATION_LEVEL = "-Onone";
			};
			name = Debug;
		};
		499509F6233DD9AD007B4E67 /* Release */ = {
			isa = XCBuildConfiguration;
			buildSettings = {
				ALWAYS_SEARCH_USER_PATHS = NO;
				CLANG_ANALYZER_NONNULL = YES;
				CLANG_ANALYZER_NUMBER_OBJECT_CONVERSION = YES_AGGRESSIVE;
				CLANG_CXX_LANGUAGE_STANDARD = "gnu++14";
				CLANG_CXX_LIBRARY = "libc++";
				CLANG_ENABLE_MODULES = YES;
				CLANG_ENABLE_OBJC_ARC = YES;
				CLANG_ENABLE_OBJC_WEAK = YES;
				CLANG_WARN_BLOCK_CAPTURE_AUTORELEASING = YES;
				CLANG_WARN_BOOL_CONVERSION = YES;
				CLANG_WARN_COMMA = YES;
				CLANG_WARN_CONSTANT_CONVERSION = YES;
				CLANG_WARN_DEPRECATED_OBJC_IMPLEMENTATIONS = YES;
				CLANG_WARN_DIRECT_OBJC_ISA_USAGE = YES_ERROR;
				CLANG_WARN_DOCUMENTATION_COMMENTS = YES;
				CLANG_WARN_EMPTY_BODY = YES;
				CLANG_WARN_ENUM_CONVERSION = YES;
				CLANG_WARN_INFINITE_RECURSION = YES;
				CLANG_WARN_INT_CONVERSION = YES;
				CLANG_WARN_NON_LITERAL_NULL_CONVERSION = YES;
				CLANG_WARN_OBJC_IMPLICIT_RETAIN_SELF = YES;
				CLANG_WARN_OBJC_LITERAL_CONVERSION = YES;
				CLANG_WARN_OBJC_ROOT_CLASS = YES_ERROR;
				CLANG_WARN_RANGE_LOOP_ANALYSIS = YES;
				CLANG_WARN_STRICT_PROTOTYPES = YES;
				CLANG_WARN_SUSPICIOUS_MOVE = YES;
				CLANG_WARN_UNGUARDED_AVAILABILITY = YES_AGGRESSIVE;
				CLANG_WARN_UNREACHABLE_CODE = YES;
				CLANG_WARN__DUPLICATE_METHOD_MATCH = YES;
				COPY_PHASE_STRIP = NO;
				DEBUG_INFORMATION_FORMAT = "dwarf-with-dsym";
				ENABLE_NS_ASSERTIONS = NO;
				ENABLE_STRICT_OBJC_MSGSEND = YES;
				GCC_C_LANGUAGE_STANDARD = gnu11;
				GCC_NO_COMMON_BLOCKS = YES;
				GCC_WARN_64_TO_32_BIT_CONVERSION = YES;
				GCC_WARN_ABOUT_RETURN_TYPE = YES_ERROR;
				GCC_WARN_UNDECLARED_SELECTOR = YES;
				GCC_WARN_UNINITIALIZED_AUTOS = YES_AGGRESSIVE;
				GCC_WARN_UNUSED_FUNCTION = YES;
				GCC_WARN_UNUSED_VARIABLE = YES;
				IPHONEOS_DEPLOYMENT_TARGET = 13.0;
				MTL_ENABLE_DEBUG_INFO = NO;
				MTL_FAST_MATH = YES;
				SDKROOT = iphoneos;
				SWIFT_COMPILATION_MODE = wholemodule;
				SWIFT_OPTIMIZATION_LEVEL = "-O";
				VALIDATE_PRODUCT = YES;
			};
			name = Release;
		};
		499509F8233DD9AD007B4E67 /* Debug */ = {
			isa = XCBuildConfiguration;
			buildSettings = {
				ASSETCATALOG_COMPILER_APPICON_NAME = AppIcon;
				CODE_SIGN_STYLE = Automatic;
				DEVELOPMENT_ASSET_PATHS = "\"ios13exp1/Preview Content\"";
				DEVELOPMENT_TEAM = MS22PP7B4V;
				ENABLE_PREVIEWS = YES;
				INFOPLIST_FILE = ios13exp1/Info.plist;
				LD_RUNPATH_SEARCH_PATHS = (
					"$(inherited)",
					"@executable_path/Frameworks",
				);
				PRODUCT_BUNDLE_IDENTIFIER = nl.marcenschede.tests.ios13exp1;
				PRODUCT_NAME = "$(TARGET_NAME)";
				SWIFT_VERSION = 5.0;
				TARGETED_DEVICE_FAMILY = "1,2";
			};
			name = Debug;
		};
		499509F9233DD9AD007B4E67 /* Release */ = {
			isa = XCBuildConfiguration;
			buildSettings = {
				ASSETCATALOG_COMPILER_APPICON_NAME = AppIcon;
				CODE_SIGN_STYLE = Automatic;
				DEVELOPMENT_ASSET_PATHS = "\"ios13exp1/Preview Content\"";
				DEVELOPMENT_TEAM = MS22PP7B4V;
				ENABLE_PREVIEWS = YES;
				INFOPLIST_FILE = ios13exp1/Info.plist;
				LD_RUNPATH_SEARCH_PATHS = (
					"$(inherited)",
					"@executable_path/Frameworks",
				);
				PRODUCT_BUNDLE_IDENTIFIER = nl.marcenschede.tests.ios13exp1;
				PRODUCT_NAME = "$(TARGET_NAME)";
				SWIFT_VERSION = 5.0;
				TARGETED_DEVICE_FAMILY = "1,2";
			};
			name = Release;
		};
		499509FB233DD9AD007B4E67 /* Debug */ = {
			isa = XCBuildConfiguration;
			buildSettings = {
				ALWAYS_EMBED_SWIFT_STANDARD_LIBRARIES = YES;
				BUNDLE_LOADER = "$(TEST_HOST)";
				CODE_SIGN_STYLE = Automatic;
				DEVELOPMENT_TEAM = MS22PP7B4V;
				INFOPLIST_FILE = ios13exp1Tests/Info.plist;
				IPHONEOS_DEPLOYMENT_TARGET = 13.0;
				LD_RUNPATH_SEARCH_PATHS = (
					"$(inherited)",
					"@executable_path/Frameworks",
					"@loader_path/Frameworks",
				);
				PRODUCT_BUNDLE_IDENTIFIER = nl.marcenschede.tests.ios13exp1Tests;
				PRODUCT_NAME = "$(TARGET_NAME)";
				SWIFT_VERSION = 5.0;
				TARGETED_DEVICE_FAMILY = "1,2";
				TEST_HOST = "$(BUILT_PRODUCTS_DIR)/ios13exp1.app/ios13exp1";
			};
			name = Debug;
		};
		499509FC233DD9AD007B4E67 /* Release */ = {
			isa = XCBuildConfiguration;
			buildSettings = {
				ALWAYS_EMBED_SWIFT_STANDARD_LIBRARIES = YES;
				BUNDLE_LOADER = "$(TEST_HOST)";
				CODE_SIGN_STYLE = Automatic;
				DEVELOPMENT_TEAM = MS22PP7B4V;
				INFOPLIST_FILE = ios13exp1Tests/Info.plist;
				IPHONEOS_DEPLOYMENT_TARGET = 13.0;
				LD_RUNPATH_SEARCH_PATHS = (
					"$(inherited)",
					"@executable_path/Frameworks",
					"@loader_path/Frameworks",
				);
				PRODUCT_BUNDLE_IDENTIFIER = nl.marcenschede.tests.ios13exp1Tests;
				PRODUCT_NAME = "$(TARGET_NAME)";
				SWIFT_VERSION = 5.0;
				TARGETED_DEVICE_FAMILY = "1,2";
				TEST_HOST = "$(BUILT_PRODUCTS_DIR)/ios13exp1.app/ios13exp1";
			};
			name = Release;
		};
		499509FE233DD9AD007B4E67 /* Debug */ = {
			isa = XCBuildConfiguration;
			buildSettings = {
				ALWAYS_EMBED_SWIFT_STANDARD_LIBRARIES = YES;
				CODE_SIGN_STYLE = Automatic;
				DEVELOPMENT_TEAM = MS22PP7B4V;
				INFOPLIST_FILE = ios13exp1UITests/Info.plist;
				LD_RUNPATH_SEARCH_PATHS = (
					"$(inherited)",
					"@executable_path/Frameworks",
					"@loader_path/Frameworks",
				);
				PRODUCT_BUNDLE_IDENTIFIER = nl.marcenschede.tests.ios13exp1UITests;
				PRODUCT_NAME = "$(TARGET_NAME)";
				SWIFT_VERSION = 5.0;
				TARGETED_DEVICE_FAMILY = "1,2";
				TEST_TARGET_NAME = ios13exp1;
			};
			name = Debug;
		};
		499509FF233DD9AD007B4E67 /* Release */ = {
			isa = XCBuildConfiguration;
			buildSettings = {
				ALWAYS_EMBED_SWIFT_STANDARD_LIBRARIES = YES;
				CODE_SIGN_STYLE = Automatic;
				DEVELOPMENT_TEAM = MS22PP7B4V;
				INFOPLIST_FILE = ios13exp1UITests/Info.plist;
				LD_RUNPATH_SEARCH_PATHS = (
					"$(inherited)",
					"@executable_path/Frameworks",
					"@loader_path/Frameworks",
				);
				PRODUCT_BUNDLE_IDENTIFIER = nl.marcenschede.tests.ios13exp1UITests;
				PRODUCT_NAME = "$(TARGET_NAME)";
				SWIFT_VERSION = 5.0;
				TARGETED_DEVICE_FAMILY = "1,2";
				TEST_TARGET_NAME = ios13exp1;
			};
			name = Release;
		};
/* End XCBuildConfiguration section */

/* Begin XCConfigurationList section */
		499509C8233DD9AB007B4E67 /* Build configuration list for PBXProject "ios13exp1" */ = {
			isa = XCConfigurationList;
			buildConfigurations = (
				499509F5233DD9AD007B4E67 /* Debug */,
				499509F6233DD9AD007B4E67 /* Release */,
			);
			defaultConfigurationIsVisible = 0;
			defaultConfigurationName = Release;
		};
		499509F7233DD9AD007B4E67 /* Build configuration list for PBXNativeTarget "ios13exp1" */ = {
			isa = XCConfigurationList;
			buildConfigurations = (
				499509F8233DD9AD007B4E67 /* Debug */,
				499509F9233DD9AD007B4E67 /* Release */,
			);
			defaultConfigurationIsVisible = 0;
			defaultConfigurationName = Release;
		};
		499509FA233DD9AD007B4E67 /* Build configuration list for PBXNativeTarget "ios13exp1Tests" */ = {
			isa = XCConfigurationList;
			buildConfigurations = (
				499509FB233DD9AD007B4E67 /* Debug */,
				499509FC233DD9AD007B4E67 /* Release */,
			);
			defaultConfigurationIsVisible = 0;
			defaultConfigurationName = Release;
		};
		499509FD233DD9AD007B4E67 /* Build configuration list for PBXNativeTarget "ios13exp1UITests" */ = {
			isa = XCConfigurationList;
			buildConfigurations = (
				499509FE233DD9AD007B4E67 /* Debug */,
				499509FF233DD9AD007B4E67 /* Release */,
			);
			defaultConfigurationIsVisible = 0;
			defaultConfigurationName = Release;
		};
/* End XCConfigurationList section */
	};
	rootObject = 499509C5233DD9AB007B4E67 /* Project object */;
}
